
Microsoft Visual Studio Solution File, Format Version 12.00
Project("{FAE04EC0-301F-11D3-BF4B-00C04F79EFBC}") = "BulkyBookWeb", "BulkyBookWeb\BulkyBookWeb.csproj", "{647E8AB5-11EC-4B5F-AFD0-DA5672A79858}"
EndProject
Global
	GlobalSection(SolutionConfigurationPlatforms) = preSolution
		Debug|Any CPU = Debug|Any CPU
		Release|Any CPU = Release|Any CPU
	EndGlobalSection
	GlobalSection(ProjectConfigurationPlatforms) = postSolution
		{647E8AB5-11EC-4B5F-AFD0-DA5672A79858}.Debug|Any CPU.ActiveCfg = Debug|Any CPU
		{647E8AB5-11EC-4B5F-AFD0-DA5672A79858}.Debug|Any CPU.Build.0 = Debug|Any CPU
		{647E8AB5-11EC-4B5F-AFD0-DA5672A79858}.Release|Any CPU.ActiveCfg = Release|Any CPU
		{647E8AB5-11EC-4B5F-AFD0-DA5672A79858}.Release|Any CPU.Build.0 = Release|Any CPU
	EndGlobalSection
EndGlobal
